Microsoft Visual Studio Solution File, Format Version 12.00
# Visual Studio Version 17
VisualStudioVersion = 17.5.2.0
MinimumVisualStudioVersion = 10.0.40219.1
Project("{FAE04EC0-301F-11D3-BF4B-00C04F79EFBC}") = "myFirstGame", "myFirstGame.csproj", "{4B381C2A-C07D-B81D-97CC-64B47DA34448}"
EndProject
Global
	GlobalSection(SolutionConfigurationPlatforms) = preSolution
		Debug|Any CPU = Debug|Any CPU
		Release|Any CPU = Release|Any CPU
	EndGlobalSection
	GlobalSection(ProjectConfigurationPlatforms) = postSolution
		{4B381C2A-C07D-B81D-97CC-64B47DA34448}.Debug|Any CPU.ActiveCfg = Debug|Any CPU
		{4B381C2A-C07D-B81D-97CC-64B47DA34448}.Debug|Any CPU.Build.0 = Debug|Any CPU
		{4B381C2A-C07D-B81D-97CC-64B47DA34448}.Release|Any CPU.ActiveCfg = Release|Any CPU
		{4B381C2A-C07D-B81D-97CC-64B47DA34448}.Release|Any CPU.Build.0 = Release|Any CPU
	EndGlobalSection
	GlobalSection(SolutionProperties) = preSolution
		HideSolutionNode = FALSE
	EndGlobalSection
	GlobalSection(ExtensibilityGlobals) = postSolution
		SolutionGuid = {6696CC97-0895-4BDB-AB19-3F0E97FE3AFE}
	EndGlobalSection
EndGlobal
